
Microsoft Visual Studio Solution File, Format Version 12.00
# Visual Studio Version 16
VisualStudioVersion = 16.0.30011.22
MinimumVisualStudioVersion = 10.0.40219.1
Project("{FAE04EC0-301F-11D3-BF4B-00C04F79EFBC}") = "MPIS", "MPIS\MPIS.csproj", "{B11A8672-F730-48CB-983F-60D5D2863927}"
EndProject
Global
	GlobalSection(SolutionConfigurationPlatforms) = preSolution
		Debug|Any CPU = Debug|Any CPU
		Release|Any CPU = Release|Any CPU
	EndGlobalSection
	GlobalSection(ProjectConfigurationPlatforms) = postSolution
		{B11A8672-F730-48CB-983F-60D5D2863927}.Debug|Any CPU.ActiveCfg = Debug|Any CPU
		{B11A8672-F730-48CB-983F-60D5D2863927}.Debug|Any CPU.Build.0 = Debug|Any CPU
		{B11A8672-F730-48CB-983F-60D5D2863927}.Release|Any CPU.ActiveCfg = Release|Any CPU
		{B11A8672-F730-48CB-983F-60D5D2863927}.Release|Any CPU.Build.0 = Release|Any CPU
	EndGlobalSection
	GlobalSection(SolutionProperties) = preSolution
		HideSolutionNode = FALSE
	EndGlobalSection
	GlobalSection(ExtensibilityGlobals) = postSolution
		SolutionGuid = {4F5D033E-44D1-40DD-BEA6-5193CBE4F418}
	EndGlobalSection
EndGlobal
